github.com/SukramJ/go-ha-catalog v0.3.0 h1:yyb0JmvWN9TsNT6Ev9KACCV+KFK5a/va/Dhg50igUrA=
github.com/SukramJ/go-ha-catalog v0.3.0/go.mod h1:z+G41LzF/Aj6xeoT0CqXylm7TxFhScqt118+h1vPwA8=
github.com/SukramJ/go-hamqtt v0.36.0 h1:JRHDh/YJ5h2AjoYSU7/yujNSj4dPDP75FvvY1ozZoEs=
github.com/SukramJ/go-hamqtt v0.36.0/go.mod h1:K7pqwIRPy0wy93UVuIv8iVVXwRGvJ91YRWvm27fckvY=
github.com/SukramJ/go-mqtt v1.6.0 h1:8qGuMm4BFM5xB0Lb8+GeHkTceiYDQ1YWqsmdXkQ6nKo=
github.com/SukramJ/go-mqtt v1.6.0/go.mod h1:5d2rA0gppys68MuhP8RoCtb/yorzYwVFP3Myb1HhsaA=
golang.org/x/sync v0.24.0 h1:iqiDrGoDgyuvAKrhLQthUEzU/R378N78gXbBjxed7oA=
golang.org/x/sync v0.24.0/go.mod h1:sUUOizhqBxiL6pEWpqNLUiaJn1ShEbZ6BBqskPbjZm0=
gopkg.in/check.v1 v0.0.0-20161208181325-20d25e280405 h1:yhCVgyC4o1eVCa2tZl7eS0r+SDo693bJlVdllGtEeKM=
gopkg.in/check.v1 v0.0.0-20161208181325-20d25e280405/go.mod h1:Co6ibVJAznAaIkqp8huTwlJQCZ016jof/cbN4VW5Yz0=
gopkg.in/yaml.v3 v3.0.1 h1:fxVm/GzAzEWqLHuvctI91KS9hhNmmWOoWu0XTYJS7CA=
gopkg.in/yaml.v3 v3.0.1/go.mod h1:K4uyk7z7BCEPqu6E+C64Yfv1cQ7kz7rIZviUmN+EgEM=
